# This file is automatically @generated by Cargo.
# It is not intended for manual editing.
version = 4

[[package]]
name = "solution-0042"
version = "0.1.0"

[[package]]
name = "solution-0068"
version = "0.1.0"

[[package]]
name = "solution-0088"
version = "0.1.0"

[[package]]
name = "solution-0135"
version = "0.1.0"

[[package]]
name = "solution-0238"
version = "0.1.0"
